
Microsoft Visual Studio Solution File, Format Version 12.00
# Visual Studio Version 17
VisualStudioVersion = 17.0.31903.59
MinimumVisualStudioVersion = 10.0.40219.1
Project("{FAE04EC0-301F-11D3-BF4B-00C04F79EFBC}") = "SedimentCoreApp.UI", "src\SedimentCoreApp.UI\SedimentCoreApp.UI.csproj", "{0C2E749A-2FFD-49D5-9D2A-640503C58759}"
EndProject
Project("{2150E333-8FDC-42A3-9474-1A3956D46DE8}") = "src", "src", "{827E0CD3-B72D-47B6-A68D-7590B98EB39B}"
EndProject
Project("{FAE04EC0-301F-11D3-BF4B-00C04F79EFBC}") = "SedimentCore.Domain", "src\SedimentCore.Domain\SedimentCore.Domain.csproj", "{5C35CFAF-521A-4EBF-8957-16C02050C6D6}"
EndProject
Project("{FAE04EC0-301F-11D3-BF4B-00C04F79EFBC}") = "SedimentCore.Analysis", "src\SedimentCore.Analysis\SedimentCore.Analysis.csproj", "{F690AC31-CA92-4493-9BB3-8C8015A9CB23}"
EndProject
Project("{2150E333-8FDC-42A3-9474-1A3956D46DE8}") = "tests", "tests", "{0AB3BF05-4346-4AA6-1389-037BE0695223}"
EndProject
Project("{FAE04EC0-301F-11D3-BF4B-00C04F79EFBC}") = "SedimentCore.Domain.Tests", "tests\SedimentCore.Domain.Tests\SedimentCore.Domain.Tests.csproj", "{9C89F04E-DEB6-4C22-9AE5-D1DD0DC45F8D}"
EndProject
Project("{FAE04EC0-301F-11D3-BF4B-00C04F79EFBC}") = "SedimentCore.Analysis.Tests", "tests\SedimentCore.Analysis.Tests\SedimentCore.Analysis.Tests.csproj", "{37362263-0168-4FC7-9E4A-2B4A19DE9B1A}"
EndProject
Project("{FAE04EC0-301F-11D3-BF4B-00C04F79EFBC}") = "SedimentCoreApp.UI.Tests", "tests\SedimentCoreApp.UI.Tests\SedimentCoreApp.UI.Tests.csproj", "{2D676CC5-7443-4A3A-9897-8BB24840E6C5}"
EndProject
Global
	GlobalSection(SolutionConfigurationPlatforms) = preSolution
		Debug|Any CPU = Debug|Any CPU
		Debug|x64 = Debug|x64
		Debug|x86 = Debug|x86
		Release|Any CPU = Release|Any CPU
		Release|x64 = Release|x64
		Release|x86 = Release|x86
	EndGlobalSection
	GlobalSection(ProjectConfigurationPlatforms) = postSolution
		{0C2E749A-2FFD-49D5-9D2A-640503C58759}.Debug|Any CPU.ActiveCfg = Debug|Any CPU
		{0C2E749A-2FFD-49D5-9D2A-640503C58759}.Debug|Any CPU.Build.0 = Debug|Any CPU
		{0C2E749A-2FFD-49D5-9D2A-640503C58759}.Debug|x64.ActiveCfg = Debug|Any CPU
		{0C2E749A-2FFD-49D5-9D2A-640503C58759}.Debug|x64.Build.0 = Debug|Any CPU
		{0C2E749A-2FFD-49D5-9D2A-640503C58759}.Debug|x86.ActiveCfg = Debug|Any CPU
		{0C2E749A-2FFD-49D5-9D2A-640503C58759}.Debug|x86.Build.0 = Debug|Any CPU
		{0C2E749A-2FFD-49D5-9D2A-640503C58759}.Release|Any CPU.ActiveCfg = Release|Any CPU
		{0C2E749A-2FFD-49D5-9D2A-640503C58759}.Release|Any CPU.Build.0 = Release|Any CPU
		{0C2E749A-2FFD-49D5-9D2A-640503C58759}.Release|x64.ActiveCfg = Release|Any CPU
		{0C2E749A-2FFD-49D5-9D2A-640503C58759}.Release|x64.Build.0 = Release|Any CPU
		{0C2E749A-2FFD-49D5-9D2A-640503C58759}.Release|x86.ActiveCfg = Release|Any CPU
		{0C2E749A-2FFD-49D5-9D2A-640503C58759}.Release|x86.Build.0 = Release|Any CPU
		{5C35CFAF-521A-4EBF-8957-16C02050C6D6}.Debug|Any CPU.ActiveCfg = Debug|Any CPU
		{5C35CFAF-521A-4EBF-8957-16C02050C6D6}.Debug|Any CPU.Build.0 = Debug|Any CPU
		{5C35CFAF-521A-4EBF-8957-16C02050C6D6}.Debug|x64.ActiveCfg = Debug|Any CPU
		{5C35CFAF-521A-4EBF-8957-16C02050C6D6}.Debug|x64.Build.0 = Debug|Any CPU
		{5C35CFAF-521A-4EBF-8957-16C02050C6D6}.Debug|x86.ActiveCfg = Debug|Any CPU
		{5C35CFAF-521A-4EBF-8957-16C02050C6D6}.Debug|x86.Build.0 = Debug|Any CPU
		{5C35CFAF-521A-4EBF-8957-16C02050C6D6}.Release|Any CPU.ActiveCfg = Release|Any CPU
		{5C35CFAF-521A-4EBF-8957-16C02050C6D6}.Release|Any CPU.Build.0 = Release|Any CPU
		{5C35CFAF-521A-4EBF-8957-16C02050C6D6}.Release|x64.ActiveCfg = Release|Any CPU
		{5C35CFAF-521A-4EBF-8957-16C02050C6D6}.Release|x64.Build.0 = Release|Any CPU
		{5C35CFAF-521A-4EBF-8957-16C02050C6D6}.Release|x86.ActiveCfg = Release|Any CPU
		{5C35CFAF-521A-4EBF-8957-16C02050C6D6}.Release|x86.Build.0 = Release|Any CPU
		{F690AC31-CA92-4493-9BB3-8C8015A9CB23}.Debug|Any CPU.ActiveCfg = Debug|Any CPU
		{F690AC31-CA92-4493-9BB3-8C8015A9CB23}.Debug|Any CPU.Build.0 = Debug|Any CPU
		{F690AC31-CA92-4493-9BB3-8C8015A9CB23}.Debug|x64.ActiveCfg = Debug|Any CPU
		{F690AC31-CA92-4493-9BB3-8C8015A9CB23}.Debug|x64.Build.0 = Debug|Any CPU
		{F690AC31-CA92-4493-9BB3-8C8015A9CB23}.Debug|x86.ActiveCfg = Debug|Any CPU
		{F690AC31-CA92-4493-9BB3-8C8015A9CB23}.Debug|x86.Build.0 = Debug|Any CPU
		{F690AC31-CA92-4493-9BB3-8C8015A9CB23}.Release|Any CPU.ActiveCfg = Release|Any CPU
		{F690AC31-CA92-4493-9BB3-8C8015A9CB23}.Release|Any CPU.Build.0 = Release|Any CPU
		{F690AC31-CA92-4493-9BB3-8C8015A9CB23}.Release|x64.ActiveCfg = Release|Any CPU
		{F690AC31-CA92-4493-9BB3-8C8015A9CB23}.Release|x64.Build.0 = Release|Any CPU
		{F690AC31-CA92-4493-9BB3-8C8015A9CB23}.Release|x86.ActiveCfg = Release|Any CPU
		{F690AC31-CA92-4493-9BB3-8C8015A9CB23}.Release|x86.Build.0 = Release|Any CPU
		{9C89F04E-DEB6-4C22-9AE5-D1DD0DC45F8D}.Debug|Any CPU.ActiveCfg = Debug|Any CPU
		{9C89F04E-DEB6-4C22-9AE5-D1DD0DC45F8D}.Debug|Any CPU.Build.0 = Debug|Any CPU
		{9C89F04E-DEB6-4C22-9AE5-D1DD0DC45F8D}.Debug|x64.ActiveCfg = Debug|Any CPU
		{9C89F04E-DEB6-4C22-9AE5-D1DD0DC45F8D}.Debug|x64.Build.0 = Debug|Any CPU
		{9C89F04E-DEB6-4C22-9AE5-D1DD0DC45F8D}.Debug|x86.ActiveCfg = Debug|Any CPU
		{9C89F04E-DEB6-4C22-9AE5-D1DD0DC45F8D}.Debug|x86.Build.0 = Debug|Any CPU
		{9C89F04E-DEB6-4C22-9AE5-D1DD0DC45F8D}.Release|Any CPU.ActiveCfg = Release|Any CPU
		{9C89F04E-DEB6-4C22-9AE5-D1DD0DC45F8D}.Release|Any CPU.Build.0 = Release|Any CPU
		{9C89F04E-DEB6-4C22-9AE5-D1DD0DC45F8D}.Release|x64.ActiveCfg = Release|Any CPU
		{9C89F04E-DEB6-4C22-9AE5-D1DD0DC45F8D}.Release|x64.Build.0 = Release|Any CPU
		{9C89F04E-DEB6-4C22-9AE5-D1DD0DC45F8D}.Release|x86.ActiveCfg = Release|Any CPU
		{9C89F04E-DEB6-4C22-9AE5-D1DD0DC45F8D}.Release|x86.Build.0 = Release|Any CPU
		{37362263-0168-4FC7-9E4A-2B4A19DE9B1A}.Debug|Any CPU.ActiveCfg = Debug|Any CPU
		{37362263-0168-4FC7-9E4A-2B4A19DE9B1A}.Debug|Any CPU.Build.0 = Debug|Any CPU
		{37362263-0168-4FC7-9E4A-2B4A19DE9B1A}.Debug|x64.ActiveCfg = Debug|Any CPU
		{37362263-0168-4FC7-9E4A-2B4A19DE9B1A}.Debug|x64.Build.0 = Debug|Any CPU
		{37362263-0168-4FC7-9E4A-2B4A19DE9B1A}.Debug|x86.ActiveCfg = Debug|Any CPU
		{37362263-0168-4FC7-9E4A-2B4A19DE9B1A}.Debug|x86.Build.0 = Debug|Any CPU
		{37362263-0168-4FC7-9E4A-2B4A19DE9B1A}.Release|Any CPU.ActiveCfg = Release|Any CPU
		{37362263-0168-4FC7-9E4A-2B4A19DE9B1A}.Release|Any CPU.Build.0 = Release|Any CPU
		{37362263-0168-4FC7-9E4A-2B4A19DE9B1A}.Release|x64.ActiveCfg = Release|Any CPU
		{37362263-0168-4FC7-9E4A-2B4A19DE9B1A}.Release|x64.Build.0 = Release|Any CPU
		{37362263-0168-4FC7-9E4A-2B4A19DE9B1A}.Release|x86.ActiveCfg = Release|Any CPU
		{37362263-0168-4FC7-9E4A-2B4A19DE9B1A}.Release|x86.Build.0 = Release|Any CPU
		{2D676CC5-7443-4A3A-9897-8BB24840E6C5}.Debug|Any CPU.ActiveCfg = Debug|Any CPU
		{2D676CC5-7443-4A3A-9897-8BB24840E6C5}.Debug|Any CPU.Build.0 = Debug|Any CPU
		{2D676CC5-7443-4A3A-9897-8BB24840E6C5}.Debug|x64.ActiveCfg = Debug|Any CPU
		{2D676CC5-7443-4A3A-9897-8BB24840E6C5}.Debug|x64.Build.0 = Debug|Any CPU
		{2D676CC5-7443-4A3A-9897-8BB24840E6C5}.Debug|x86.ActiveCfg = Debug|Any CPU
		{2D676CC5-7443-4A3A-9897-8BB24840E6C5}.Debug|x86.Build.0 = Debug|Any CPU
		{2D676CC5-7443-4A3A-9897-8BB24840E6C5}.Release|Any CPU.ActiveCfg = Release|Any CPU
		{2D676CC5-7443-4A3A-9897-8BB24840E6C5}.Release|Any CPU.Build.0 = Release|Any CPU
		{2D676CC5-7443-4A3A-9897-8BB24840E6C5}.Release|x64.ActiveCfg = Release|Any CPU
		{2D676CC5-7443-4A3A-9897-8BB24840E6C5}.Release|x64.Build.0 = Release|Any CPU
		{2D676CC5-7443-4A3A-9897-8BB24840E6C5}.Release|x86.ActiveCfg = Release|Any CPU
		{2D676CC5-7443-4A3A-9897-8BB24840E6C5}.Release|x86.Build.0 = Release|Any CPU
	EndGlobalSection
	GlobalSection(SolutionProperties) = preSolution
		HideSolutionNode = FALSE
	EndGlobalSection
	GlobalSection(NestedProjects) = preSolution
		{5C35CFAF-521A-4EBF-8957-16C02050C6D6} = {827E0CD3-B72D-47B6-A68D-7590B98EB39B}
		{F690AC31-CA92-4493-9BB3-8C8015A9CB23} = {827E0CD3-B72D-47B6-A68D-7590B98EB39B}
		{9C89F04E-DEB6-4C22-9AE5-D1DD0DC45F8D} = {0AB3BF05-4346-4AA6-1389-037BE0695223}
		{37362263-0168-4FC7-9E4A-2B4A19DE9B1A} = {0AB3BF05-4346-4AA6-1389-037BE0695223}
		{2D676CC5-7443-4A3A-9897-8BB24840E6C5} = {0AB3BF05-4346-4AA6-1389-037BE0695223}
	EndGlobalSection
EndGlobal
